// !$*UTF8*$!
{
	archiveVersion = 1;
	classes = {
	};
	objectVersion = 46;
	objects = {

/* Begin PBXBuildFile section */
		630231A2190569730071BD02 /* CoreData.framework in Frameworks */ = {isa = PBXBuildFile; fileRef = 630231A1190569730071BD02 /* CoreData.framework */; };
		630231A7190569C00071BD02 /* CalorieController.xcdatamodeld in Sources */ = {isa = PBXBuildFile; fileRef = 630231A5190569C00071BD02 /* CalorieController.xcdatamodeld */; };
		6302AE6518E095A300FEAA16 /* PersonalDetailsViewController.m in Sources */ = {isa = PBXBuildFile; fileRef = 6302AE6418E095A300FEAA16 /* PersonalDetailsViewController.m */; };
		6302AE6818E095D200FEAA16 /* FoodSplitViewController.m in Sources */ = {isa = PBXBuildFile; fileRef = 6302AE6718E095D200FEAA16 /* FoodSplitViewController.m */; };
		6302AE6B18E095F400FEAA16 /* ExerciseSplitViewController.m in Sources */ = {isa = PBXBuildFile; fileRef = 6302AE6A18E095F400FEAA16 /* ExerciseSplitViewController.m */; };
		6302AE6E18E0960F00FEAA16 /* SummarySplitViewController.m in Sources */ = {isa = PBXBuildFile; fileRef = 6302AE6D18E0960F00FEAA16 /* SummarySplitViewController.m */; };
		632075B218DA015E00C82FAF /* Foundation.framework in Frameworks */ = {isa = PBXBuildFile; fileRef = 632075B118DA015E00C82FAF /* Foundation.framework */; };
		632075B418DA015E00C82FAF /* CoreGraphics.framework in Frameworks */ = {isa = PBXBuildFile; fileRef = 632075B318DA015E00C82FAF /* CoreGraphics.framework */; };
		632075B618DA015E00C82FAF /* UIKit.framework in Frameworks */ = {isa = PBXBuildFile; fileRef = 632075B518DA015E00C82FAF /* UIKit.framework */; };
		632075BC18DA015E00C82FAF /* InfoPlist.strings in Resources */ = {isa = PBXBuildFile; fileRef = 632075BA18DA015E00C82FAF /* InfoPlist.strings */; };
		632075BE18DA015E00C82FAF /* main.m in Sources */ = {isa = PBXBuildFile; fileRef = 632075BD18DA015E00C82FAF /* main.m */; };
		632075C218DA015E00C82FAF /* CalculatorAppDelegate.m in Sources */ = {isa = PBXBuildFile; fileRef = 632075C118DA015E00C82FAF /* CalculatorAppDelegate.m */; };
		632075C518DA015E00C82FAF /* Main_iPhone.storyboard in Resources */ = {isa = PBXBuildFile; fileRef = 632075C318DA015E00C82FAF /* Main_iPhone.storyboard */; };
		632075C818DA015E00C82FAF /* Main_iPad.storyboard in Resources */ = {isa = PBXBuildFile; fileRef = 632075C618DA015E00C82FAF /* Main_iPad.storyboard */; };
		632075D018DA015E00C82FAF /* Images.xcassets in Resources */ = {isa = PBXBuildFile; fileRef = 632075CF18DA015E00C82FAF /* Images.xcassets */; };
		632075D718DA015E00C82FAF /* XCTest.framework in Frameworks */ = {isa = PBXBuildFile; fileRef = 632075D618DA015E00C82FAF /* XCTest.framework */; };
		632075D818DA015E00C82FAF /* Foundation.framework in Frameworks */ = {isa = PBXBuildFile; fileRef = 632075B118DA015E00C82FAF /* Foundation.framework */; };
		632075D918DA015E00C82FAF /* UIKit.framework in Frameworks */ = {isa = PBXBuildFile; fileRef = 632075B518DA015E00C82FAF /* UIKit.framework */; };
		632075E118DA015E00C82FAF /* InfoPlist.strings in Resources */ = {isa = PBXBuildFile; fileRef = 632075DF18DA015E00C82FAF /* InfoPlist.strings */; };
		632075E318DA015E00C82FAF /* Calorie_ControllerTests.m in Sources */ = {isa = PBXBuildFile; fileRef = 632075E218DA015E00C82FAF /* Calorie_ControllerTests.m */; };
		632A1BB3192552D100356593 /* FoodMasterController.m in Sources */ = {isa = PBXBuildFile; fileRef = 632A1BB2192552D100356593 /* FoodMasterController.m */; };
		632A1BC019256FEA00356593 /* DatePopOverController.m in Sources */ = {isa = PBXBuildFile; fileRef = 632A1BBE19256FEA00356593 /* DatePopOverController.m */; };
		632A1BC119256FEA00356593 /* DatePopOverController.xib in Resources */ = {isa = PBXBuildFile; fileRef = 632A1BBF19256FEA00356593 /* DatePopOverController.xib */; };
		6331BFF11908443E00149DFD /* User.m in Sources */ = {isa = PBXBuildFile; fileRef = 6331BFF01908443E00149DFD /* User.m */; };
		6332775A1927C8F400EE7A62 /* FoodDetailController.m in Sources */ = {isa = PBXBuildFile; fileRef = 633277591927C8F400EE7A62 /* FoodDetailController.m */; };
		633277601927CA4200EE7A62 /* ExerciseDetailController.m in Sources */ = {isa = PBXBuildFile; fileRef = 6332775F1927CA4200EE7A62 /* ExerciseDetailController.m */; };
		633277641927D9FA00EE7A62 /* SummaryDetailController.m in Sources */ = {isa = PBXBuildFile; fileRef = 633277631927D9FA00EE7A62 /* SummaryDetailController.m */; };
		6374D388192967F200F0DC1B /* AddViewFoodController.m in Sources */ = {isa = PBXBuildFile; fileRef = 6374D387192967F200F0DC1B /* AddViewFoodController.m */; };
		6374D38E19297C9600F0DC1B /* MealPopOverController.m in Sources */ = {isa = PBXBuildFile; fileRef = 6374D38C19297C9600F0DC1B /* MealPopOverController.m */; };
		6374D38F19297C9600F0DC1B /* MealPopOverController.xib in Resources */ = {isa = PBXBuildFile; fileRef = 6374D38D19297C9600F0DC1B /* MealPopOverController.xib */; };
		6374D3941929B29C00F0DC1B /* WorkoutPopOverController.m in Sources */ = {isa = PBXBuildFile; fileRef = 6374D3921929B29C00F0DC1B /* WorkoutPopOverController.m */; };
		6374D3951929B29C00F0DC1B /* WorkoutPopOverController.xib in Resources */ = {isa = PBXBuildFile; fileRef = 6374D3931929B29C00F0DC1B /* WorkoutPopOverController.xib */; };
		6374D3991929C57B00F0DC1B /* AddViewExerciseController.m in Sources */ = {isa = PBXBuildFile; fileRef = 6374D3981929C57B00F0DC1B /* AddViewExerciseController.m */; };
		638FC9921928BAF600D67E6F /* personaldetail.png in Resources */ = {isa = PBXBuildFile; fileRef = 638FC9911928BAF600D67E6F /* personaldetail.png */; };
		63BC791B1917C2F800589D21 /* DateCell.xib in Resources */ = {isa = PBXBuildFile; fileRef = 63BC791A1917C2F800589D21 /* DateCell.xib */; };
		63BC79211917C6D600589D21 /* MealCell.xib in Resources */ = {isa = PBXBuildFile; fileRef = 63BC79201917C6D600589D21 /* MealCell.xib */; };
		63BC79241917DC7000589D21 /* MealCell.m in Sources */ = {isa = PBXBuildFile; fileRef = 63BC79231917DC7000589D21 /* MealCell.m */; };
		63BC79271917DC9300589D21 /* DateCell.m in Sources */ = {isa = PBXBuildFile; fileRef = 63BC79261917DC9300589D21 /* DateCell.m */; };
		63BC792A1917DE0800589D21 /* FoodCell.xib in Resources */ = {isa = PBXBuildFile; fileRef = 63BC79291917DE0800589D21 /* FoodCell.xib */; };
		63BC792D1917DEE600589D21 /* FoodCell.m in Sources */ = {isa = PBXBuildFile; fileRef = 63BC792C1917DEE600589D21 /* FoodCell.m */; };
		63BC793719180F3000589D21 /* WorkoutCell.xib in Resources */ = {isa = PBXBuildFile; fileRef = 63BC793619180F3000589D21 /* WorkoutCell.xib */; };
		63BC793A1918108E00589D21 /* WorkoutCell.m in Sources */ = {isa = PBXBuildFile; fileRef = 63BC79391918108E00589D21 /* WorkoutCell.m */; };
		63BC793C1918114500589D21 /* ExerciseCell.xib in Resources */ = {isa = PBXBuildFile; fileRef = 63BC793B1918114500589D21 /* ExerciseCell.xib */; };
		63BC793F1918122500589D21 /* ExerciseCell.m in Sources */ = {isa = PBXBuildFile; fileRef = 63BC793E1918122500589D21 /* ExerciseCell.m */; };
		63BC794A191952EC00589D21 /* ActivitiesRemainingCaloriesCell.xib in Resources */ = {isa = PBXBuildFile; fileRef = 63BC7949191952EC00589D21 /* ActivitiesRemainingCaloriesCell.xib */; };
		63BC794D191953D800589D21 /* ActivitesRemainingCaloriesCell.m in Sources */ = {isa = PBXBuildFile; fileRef = 63BC794C191953D800589D21 /* ActivitesRemainingCaloriesCell.m */; };
		63EB8BD21928B2F800FD8DBC /* ExerciseMasterController.m in Sources */ = {isa = PBXBuildFile; fileRef = 63EB8BD11928B2F800FD8DBC /* ExerciseMasterController.m */; };
		63EB8BD71928B70300FD8DBC /* food.png in Resources */ = {isa = PBXBuildFile; fileRef = 63EB8BD51928B70300FD8DBC /* food.png */; };
		63EB8BD81928B70300FD8DBC /* exercise.png in Resources */ = {isa = PBXBuildFile; fileRef = 63EB8BD61928B70300FD8DBC /* exercise.png */; };
		63EB8BDA1928B79500FD8DBC /* summary.png in Resources */ = {isa = PBXBuildFile; fileRef = 63EB8BD91928B79500FD8DBC /* summary.png */; };
		74F36EE61917E20B0068A8F6 /* iPhonePersonalDetailsViewController.m in Sources */ = {isa = PBXBuildFile; fileRef = 74F36EE51917E20B0068A8F6 /* iPhonePersonalDetailsViewController.m */; };
		74F36EF51917F85C0068A8F6 /* FoodDateListViewController.m in Sources */ = {isa = PBXBuildFile; fileRef = 74F36EF41917F85C0068A8F6 /* FoodDateListViewController.m */; };
		74F36EF81917F8890068A8F6 /* MealListViewController.m in Sources */ = {isa = PBXBuildFile; fileRef = 74F36EF71917F8890068A8F6 /* MealListViewController.m */; };
		74F36EFB1917F8A20068A8F6 /* NewMealViewController.m in Sources */ = {isa = PBXBuildFile; fileRef = 74F36EFA1917F8A20068A8F6 /* NewMealViewController.m */; };
		74F36EFE1917F8C10068A8F6 /* FoodListViewController.m in Sources */ = {isa = PBXBuildFile; fileRef = 74F36EFD1917F8C10068A8F6 /* FoodListViewController.m */; };
		74F36F011917F8D70068A8F6 /* NewFoodViewController.m in Sources */ = {isa = PBXBuildFile; fileRef = 74F36F001917F8D70068A8F6 /* NewFoodViewController.m */; };
		74F36F071917F93F0068A8F6 /* WorkoutListViewController.m in Sources */ = {isa = PBXBuildFile; fileRef = 74F36F061917F93F0068A8F6 /* WorkoutListViewController.m */; };
		74F36F0A1917F95C0068A8F6 /* NewWorkoutViewController.m in Sources */ = {isa = PBXBuildFile; fileRef = 74F36F091917F95C0068A8F6 /* NewWorkoutViewController.m */; };
		74F36F0D1917F9820068A8F6 /* ExerciseListViewController.m in Sources */ = {isa = PBXBuildFile; fileRef = 74F36F0C1917F9820068A8F6 /* ExerciseListViewController.m */; };
		74F36F101917F9E30068A8F6 /* NewExerciseViewController.m in Sources */ = {isa = PBXBuildFile; fileRef = 74F36F0F1917F9E30068A8F6 /* NewExerciseViewController.m */; };
		74F36F131917FA090068A8F6 /* SummaryDateListViewController.m in Sources */ = {isa = PBXBuildFile; fileRef = 74F36F121917FA090068A8F6 /* SummaryDateListViewController.m */; };
		74F36F161917FA360068A8F6 /* SummaryMainViewController.m in Sources */ = {isa = PBXBuildFile; fileRef = 74F36F151917FA360068A8F6 /* SummaryMainViewController.m */; };
		74F36F191917FC430068A8F6 /* ExerciseDateListViewController.m in Sources */ = {isa = PBXBuildFile; fileRef = 74F36F181917FC430068A8F6 /* ExerciseDateListViewController.m */; };
		74F36F221917FFF60068A8F6 /* iPhoneFoodDateCell.xib in Resources */ = {isa = PBXBuildFile; fileRef = 74F36F211917FFF60068A8F6 /* iPhoneFoodDateCell.xib */; };
		74F36F251918002C0068A8F6 /* iPhoneFoodDateCell.m in Sources */ = {isa = PBXBuildFile; fileRef = 74F36F241918002C0068A8F6 /* iPhoneFoodDateCell.m */; };
		74F36F27191800720068A8F6 /* iPhoneMealCell.xib in Resources */ = {isa = PBXBuildFile; fileRef = 74F36F26191800720068A8F6 /* iPhoneMealCell.xib */; };
		74F36F2A191801CE0068A8F6 /* iPhoneMealCell.m in Sources */ = {isa = PBXBuildFile; fileRef = 74F36F29191801CE0068A8F6 /* iPhoneMealCell.m */; };
		74F36F2C191802540068A8F6 /* iPhoneFoodCell.xib in Resources */ = {isa = PBXBuildFile; fileRef = 74F36F2B191802540068A8F6 /* iPhoneFoodCell.xib */; };
		74F36F2F191803430068A8F6 /* iPhoneFoodCell.m in Sources */ = {isa = PBXBuildFile; fileRef = 74F36F2E191803430068A8F6 /* iPhoneFoodCell.m */; };
		74F36F361918065C0068A8F6 /* iPhoneExerciseDateCell.xib in Resources */ = {isa = PBXBuildFile; fileRef = 74F36F351918065C0068A8F6 /* iPhoneExerciseDateCell.xib */; };
		74F36F39191807060068A8F6 /* iPhoneExerciseDateCell.m in Sources */ = {isa = PBXBuildFile; fileRef = 74F36F38191807060068A8F6 /* iPhoneExerciseDateCell.m */; };
		74F36F3B191807D70068A8F6 /* iPhoneWorkoutCell.xib in Resources */ = {isa = PBXBuildFile; fileRef = 74F36F3A191807D70068A8F6 /* iPhoneWorkoutCell.xib */; };
		74F36F3E19180A710068A8F6 /* iPhoneWorkoutCell.m in Sources */ = {isa = PBXBuildFile; fileRef = 74F36F3D19180A710068A8F6 /* iPhoneWorkoutCell.m */; };
		74F36F4019180ABD0068A8F6 /* iPhoneExerciseCell.xib in Resources */ = {isa = PBXBuildFile; fileRef = 74F36F3F19180ABD0068A8F6 /* iPhoneExerciseCell.xib */; };
		74F36F4319180BC90068A8F6 /* iPhoneExerciseCell.m in Sources */ = {isa = PBXBuildFile; fileRef = 74F36F4219180BC90068A8F6 /* iPhoneExerciseCell.m */; };
		DC3CE29E18E34259004B629B /* Food.m in Sources */ = {isa = PBXBuildFile; fileRef = DC3CE29D18E34259004B629B /* Food.m */; };
		DC3CE2A218E34287004B629B /* Meal.m in Sources */ = {isa = PBXBuildFile; fileRef = DC3CE2A118E34287004B629B /* Meal.m */; };
		DC3CE2AA18E34877004B629B /* Exercise.m in Sources */ = {isa = PBXBuildFile; fileRef = DC3CE2A918E34877004B629B /* Exercise.m */; };
		DC3CE2AD18E34886004B629B /* Workout.m in Sources */ = {isa = PBXBuildFile; fileRef = DC3CE2AC18E34886004B629B /* Workout.m */; };
/* End PBXBuildFile section */

/* Begin PBXContainerItemProxy section */
		632075DA18DA015E00C82FAF /* PBXContainerItemProxy */ = {
			isa = PBXContainerItemProxy;
			containerPortal = 632075A618DA015E00C82FAF /* Project object */;
			proxyType = 1;
			remoteGlobalIDString = 632075AD18DA015E00C82FAF;
			remoteInfo = "Calorie Controller";
		};
/* End PBXContainerItemProxy section */

/* Begin PBXFileReference section */
		630231A1190569730071BD02 /* CoreData.framework */ = {isa = PBXFileReference; lastKnownFileType = wrapper.framework; name = CoreData.framework; path = System/Library/Frameworks/CoreData.framework; sourceTree = SDKROOT; };
		630231A6190569C00071BD02 /* CalorieController.xcdatamodel */ = {isa = PBXFileReference; lastKnownFileType = wrapper.xcdatamodel; path = CalorieController.xcdatamodel; sourceTree = "<group>"; };
		6302AE6318E095A300FEAA16 /* PersonalDetailsViewController.h */ = {isa = PBXFileReference; fileEncoding = 4; lastKnownFileType = sourcecode.c.h; path = PersonalDetailsViewController.h; sourceTree = "<group>"; };
		6302AE6418E095A300FEAA16 /* PersonalDetailsViewController.m */ = {isa = PBXFileReference; fileEncoding = 4; lastKnownFileType = sourcecode.c.objc; path = PersonalDetailsViewController.m; sourceTree = "<group>"; };
		6302AE6618E095D200FEAA16 /* FoodSplitViewController.h */ = {isa = PBXFileReference; fileEncoding = 4; lastKnownFileType = sourcecode.c.h; path = FoodSplitViewController.h; sourceTree = "<group>"; };
		6302AE6718E095D200FEAA16 /* FoodSplitViewController.m */ = {isa = PBXFileReference; fileEncoding = 4; lastKnownFileType = sourcecode.c.objc; path = FoodSplitViewController.m; sourceTree = "<group>"; };
		6302AE6918E095F400FEAA16 /* ExerciseSplitViewController.h */ = {isa = PBXFileReference; fileEncoding = 4; lastKnownFileType = sourcecode.c.h; path = ExerciseSplitViewController.h; sourceTree = "<group>"; };
		6302AE6A18E095F400FEAA16 /* ExerciseSplitViewController.m */ = {isa = PBXFileReference; fileEncoding = 4; lastKnownFileType = sourcecode.c.objc; path = ExerciseSplitViewController.m; sourceTree = "<group>"; };
		6302AE6C18E0960F00FEAA16 /* SummarySplitViewController.h */ = {isa = PBXFileReference; fileEncoding = 4; lastKnownFileType = sourcecode.c.h; path = SummarySplitViewController.h; sourceTree = "<group>"; };
		6302AE6D18E0960F00FEAA16 /* SummarySplitViewController.m */ = {isa = PBXFileReference; fileEncoding = 4; lastKnownFileType = sourcecode.c.objc; path = SummarySplitViewController.m; sourceTree = "<group>"; };
		632075AE18DA015E00C82FAF /* Calorie Controller.app */ = {isa = PBXFileReference; explicitFileType = wrapper.application; includeInIndex = 0; path = "Calorie Controller.app"; sourceTree = BUILT_PRODUCTS_DIR; };
		632075B118DA015E00C82FAF /* Foundation.framework */ = {isa = PBXFileReference; lastKnownFileType = wrapper.framework; name = Foundation.framework; path = System/Library/Frameworks/Foundation.framework; sourceTree = SDKROOT; };
		632075B318DA015E00C82FAF /* CoreGraphics.framework */ = {isa = PBXFileReference; lastKnownFileType = wrapper.framework; name = CoreGraphics.framework; path = System/Library/Frameworks/CoreGraphics.framework; sourceTree = SDKROOT; };
		632075B518DA015E00C82FAF /* UIKit.framework */ = {isa = PBXFileReference; lastKnownFileType = wrapper.framework; name = UIKit.framework; path = System/Library/Frameworks/UIKit.framework; sourceTree = SDKROOT; };
		632075B918DA015E00C82FAF /* Calorie Controller-Info.plist */ = {isa = PBXFileReference; lastKnownFileType = text.plist.xml; path = "Calorie Controller-Info.plist"; sourceTree = "<group>"; };
		632075BB18DA015E00C82FAF /* en */ = {isa = PBXFileReference; lastKnownFileType = text.plist.strings; name = en; path = en.lproj/InfoPlist.strings; sourceTree = "<group>"; };
		632075BD18DA015E00C82FAF /* main.m */ = {isa = PBXFileReference; lastKnownFileType = sourcecode.c.objc; path = main.m; sourceTree = "<group>"; };
		632075BF18DA015E00C82FAF /* Calorie Controller-Prefix.pch */ = {isa = PBXFileReference; lastKnownFileType = sourcecode.c.h; path = "Calorie Controller-Prefix.pch"; sourceTree = "<group>"; };
		632075C018DA015E00C82FAF /* CalculatorAppDelegate.h */ = {isa = PBXFileReference; lastKnownFileType = sourcecode.c.h; path = CalculatorAppDelegate.h; sourceTree = "<group>"; };
		632075C118DA015E00C82FAF /* CalculatorAppDelegate.m */ = {isa = PBXFileReference; lastKnownFileType = sourcecode.c.objc; path = CalculatorAppDelegate.m; sourceTree = "<group>"; };
		632075C418DA015E00C82FAF /* Base */ = {isa = PBXFileReference; lastKnownFileType = file.storyboard; name = Base; path = Base.lproj/Main_iPhone.storyboard; sourceTree = "<group>"; };
		632075C718DA015E00C82FAF /* Base */ = {isa = PBXFileReference; lastKnownFileType = file.storyboard; name = Base; path = Base.lproj/Main_iPad.storyboard; sourceTree = "<group>"; };
		632075CF18DA015E00C82FAF /* Images.xcassets */ = {isa = PBXFileReference; lastKnownFileType = folder.assetcatalog; path = Images.xcassets; sourceTree = "<group>"; };
		632075D518DA015E00C82FAF /* Calorie ControllerTests.xctest */ = {isa = PBXFileReference; explicitFileType = wrapper.cfbundle; includeInIndex = 0; path = "Calorie ControllerTests.xctest"; sourceTree = BUILT_PRODUCTS_DIR; };
		632075D618DA015E00C82FAF /* XCTest.framework */ = {isa = PBXFileReference; lastKnownFileType = wrapper.framework; name = XCTest.framework; path = Library/Frameworks/XCTest.framework; sourceTree = DEVELOPER_DIR; };
		632075DE18DA015E00C82FAF /* Calorie ControllerTests-Info.plist */ = {isa = PBXFileReference; lastKnownFileType = text.plist.xml; path = "Calorie ControllerTests-Info.plist"; sourceTree = "<group>"; };
		632075E018DA015E00C82FAF /* en */ = {isa = PBXFileReference; lastKnownFileType = text.plist.strings; name = en; path = en.lproj/InfoPlist.strings; sourceTree = "<group>"; };
		632075E218DA015E00C82FAF /* Calorie_ControllerTests.m */ = {isa = PBXFileReference; lastKnownFileType = sourcecode.c.objc; path = Calorie_ControllerTests.m; sourceTree = "<group>"; };
		632A1BB1192552D100356593 /* FoodMasterController.h */ = {isa = PBXFileReference; fileEncoding = 4; lastKnownFileType = sourcecode.c.h; path = FoodMasterController.h; sourceTree = "<group>"; };
		632A1BB2192552D100356593 /* FoodMasterController.m */ = {isa = PBXFileReference; fileEncoding = 4; lastKnownFileType = sourcecode.c.objc; path = FoodMasterController.m; sourceTree = "<group>"; };
		632A1BBD19256FEA00356593 /* DatePopOverController.h */ = {isa = PBXFileReference; fileEncoding = 4; lastKnownFileType = sourcecode.c.h; path = DatePopOverController.h; sourceTree = "<group>"; };
		632A1BBE19256FEA00356593 /* DatePopOverController.m */ = {isa = PBXFileReference; fileEncoding = 4; lastKnownFileType = sourcecode.c.objc; path = DatePopOverController.m; sourceTree = "<group>"; };
		632A1BBF19256FEA00356593 /* DatePopOverController.xib */ = {isa = PBXFileReference; fileEncoding = 4; lastKnownFileType = file.xib; path = DatePopOverController.xib; sourceTree = "<group>"; };
		6331BFEF1908443E00149DFD /* User.h */ = {isa = PBXFileReference; fileEncoding = 4; lastKnownFileType = sourcecode.c.h; path = User.h; sourceTree = "<group>"; };
		6331BFF01908443E00149DFD /* User.m */ = {isa = PBXFileReference; fileEncoding = 4; lastKnownFileType = sourcecode.c.objc; path = User.m; sourceTree = "<group>"; };
		633277581927C8F400EE7A62 /* FoodDetailController.h */ = {isa = PBXFileReference; fileEncoding = 4; lastKnownFileType = sourcecode.c.h; path = FoodDetailController.h; sourceTree = "<group>"; };
		633277591927C8F400EE7A62 /* FoodDetailController.m */ = {isa = PBXFileReference; fileEncoding = 4; lastKnownFileType = sourcecode.c.objc; path = FoodDetailController.m; sourceTree = "<group>"; };
		6332775E1927CA4200EE7A62 /* ExerciseDetailController.h */ = {isa = PBXFileReference; fileEncoding = 4; lastKnownFileType = sourcecode.c.h; path = ExerciseDetailController.h; sourceTree = "<group>"; };
		6332775F1927CA4200EE7A62 /* ExerciseDetailController.m */ = {isa = PBXFileReference; fileEncoding = 4; lastKnownFileType = sourcecode.c.objc; path = ExerciseDetailController.m; sourceTree = "<group>"; };
		633277621927D9FA00EE7A62 /* SummaryDetailController.h */ = {isa = PBXFileReference; fileEncoding = 4; lastKnownFileType = sourcecode.c.h; path = SummaryDetailController.h; sourceTree = "<group>"; };
		633277631927D9FA00EE7A62 /* SummaryDetailController.m */ = {isa = PBXFileReference; fileEncoding = 4; lastKnownFileType = sourcecode.c.objc; path = SummaryDetailController.m; sourceTree = "<group>"; };
		6374D386192967F200F0DC1B /* AddViewFoodController.h */ = {isa = PBXFileReference; fileEncoding = 4; lastKnownFileType = sourcecode.c.h; path = AddViewFoodController.h; sourceTree = "<group>"; };
		6374D387192967F200F0DC1B /* AddViewFoodController.m */ = {isa = PBXFileReference; fileEncoding = 4; lastKnownFileType = sourcecode.c.objc; path = AddViewFoodController.m; sourceTree = "<group>"; };
		6374D38B19297C9600F0DC1B /* MealPopOverController.h */ = {isa = PBXFileReference; fileEncoding = 4; lastKnownFileType = sourcecode.c.h; path = MealPopOverController.h; sourceTree = "<group>"; };
		6374D38C19297C9600F0DC1B /* MealPopOverController.m */ = {isa = PBXFileReference; fileEncoding = 4; lastKnownFileType = sourcecode.c.objc; path = MealPopOverController.m; sourceTree = "<group>"; };
		6374D38D19297C9600F0DC1B /* MealPopOverController.xib */ = {isa = PBXFileReference; fileEncoding = 4; lastKnownFileType = file.xib; path = MealPopOverController.xib; sourceTree = "<group>"; };
		6374D3911929B29C00F0DC1B /* WorkoutPopOverController.h */ = {isa = PBXFileReference; fileEncoding = 4; lastKnownFileType = sourcecode.c.h; path = WorkoutPopOverController.h; sourceTree = "<group>"; };
		6374D3921929B29C00F0DC1B /* WorkoutPopOverController.m */ = {isa = PBXFileReference; fileEncoding = 4; lastKnownFileType = sourcecode.c.objc; path = WorkoutPopOverController.m; sourceTree = "<group>"; };
		6374D3931929B29C00F0DC1B /* WorkoutPopOverController.xib */ = {isa = PBXFileReference; fileEncoding = 4; lastKnownFileType = file.xib; path = WorkoutPopOverController.xib; sourceTree = "<group>"; };
		6374D3971929C57B00F0DC1B /* AddViewExerciseController.h */ = {isa = PBXFileReference; fileEncoding = 4; lastKnownFileType = sourcecode.c.h; path = AddViewExerciseController.h; sourceTree = "<group>"; };
		6374D3981929C57B00F0DC1B /* AddViewExerciseController.m */ = {isa = PBXFileReference; fileEncoding = 4; lastKnownFileType = sourcecode.c.objc; path = AddViewExerciseController.m; sourceTree = "<group>"; };
		638FC9911928BAF600D67E6F /* personaldetail.png */ = {isa = PBXFileReference; lastKnownFileType = image.png; path = personaldetail.png; sourceTree = "<group>"; };
		63BC791A1917C2F800589D21 /* DateCell.xib */ = {isa = PBXFileReference; fileEncoding = 4; lastKnownFileType = file.xib; path = DateCell.xib; sourceTree = "<group>"; };
		63BC79201917C6D600589D21 /* MealCell.xib */ = {isa = PBXFileReference; fileEncoding = 4; lastKnownFileType = file.xib; path = MealCell.xib; sourceTree = "<group>"; };
		63BC79221917DC7000589D21 /* MealCell.h */ = {isa = PBXFileReference; fileEncoding = 4; lastKnownFileType = sourcecode.c.h; path = MealCell.h; sourceTree = "<group>"; };
		63BC79231917DC7000589D21 /* MealCell.m */ = {isa = PBXFileReference; fileEncoding = 4; lastKnownFileType = sourcecode.c.objc; path = MealCell.m; sourceTree = "<group>"; };
		63BC79251917DC9300589D21 /* DateCell.h */ = {isa = PBXFileReference; fileEncoding = 4; lastKnownFileType = sourcecode.c.h; path = DateCell.h; sourceTree = "<group>"; };
		63BC79261917DC9300589D21 /* DateCell.m */ = {isa = PBXFileReference; fileEncoding = 4; lastKnownFileType = sourcecode.c.objc; path = DateCell.m; sourceTree = "<group>"; };
		63BC79291917DE0800589D21 /* FoodCell.xib */ = {isa = PBXFileReference; fileEncoding = 4; lastKnownFileType = file.xib; path = FoodCell.xib; sourceTree = "<group>"; };
		63BC792B1917DEE600589D21 /* FoodCell.h */ = {isa = PBXFileReference; fileEncoding = 4; lastKnownFileType = sourcecode.c.h; path = FoodCell.h; sourceTree = "<group>"; };
		63BC792C1917DEE600589D21 /* FoodCell.m */ = {isa = PBXFileReference; fileEncoding = 4; lastKnownFileType = sourcecode.c.objc; path = FoodCell.m; sourceTree = "<group>"; };
		63BC793619180F3000589D21 /* WorkoutCell.xib */ = {isa = PBXFileReference; fileEncoding = 4; lastKnownFileType = file.xib; path = WorkoutCell.xib; sourceTree = "<group>"; };
		63BC79381918108E00589D21 /* WorkoutCell.h */ = {isa = PBXFileReference; fileEncoding = 4; lastKnownFileType = sourcecode.c.h; path = WorkoutCell.h; sourceTree = "<group>"; };
		63BC79391918108E00589D21 /* WorkoutCell.m */ = {isa = PBXFileReference; fileEncoding = 4; lastKnownFileType = sourcecode.c.objc; path = WorkoutCell.m; sourceTree = "<group>"; };
		63BC793B1918114500589D21 /* ExerciseCell.xib */ = {isa = PBXFileReference; fileEncoding = 4; lastKnownFileType = file.xib; path = ExerciseCell.xib; sourceTree = "<group>"; };
		63BC793D1918122500589D21 /* ExerciseCell.h */ = {isa = PBXFileReference; fileEncoding = 4; lastKnownFileType = sourcecode.c.h; path = ExerciseCell.h; sourceTree = "<group>"; };
		63BC793E1918122500589D21 /* ExerciseCell.m */ = {isa = PBXFileReference; fileEncoding = 4; lastKnownFileType = sourcecode.c.objc; path = ExerciseCell.m; sourceTree = "<group>"; };
		63BC7949191952EC00589D21 /* ActivitiesRemainingCaloriesCell.xib */ = {isa = PBXFileReference; fileEncoding = 4; lastKnownFileType = file.xib; path = ActivitiesRemainingCaloriesCell.xib; sourceTree = "<group>"; };
		63BC794B191953D800589D21 /* ActivitesRemainingCaloriesCell.h */ = {isa = PBXFileReference; fileEncoding = 4; lastKnownFileType = sourcecode.c.h; path = ActivitesRemainingCaloriesCell.h; sourceTree = "<group>"; };
		63BC794C191953D800589D21 /* ActivitesRemainingCaloriesCell.m */ = {isa = PBXFileReference; fileEncoding = 4; lastKnownFileType = sourcecode.c.objc; path = ActivitesRemainingCaloriesCell.m; sourceTree = "<group>"; };
		63EB8BD01928B2F800FD8DBC /* ExerciseMasterController.h */ = {isa = PBXFileReference; fileEncoding = 4; lastKnownFileType = sourcecode.c.h; path = ExerciseMasterController.h; sourceTree = "<group>"; };
		63EB8BD11928B2F800FD8DBC /* ExerciseMasterController.m */ = {isa = PBXFileReference; fileEncoding = 4; lastKnownFileType = sourcecode.c.objc; path = ExerciseMasterController.m; sourceTree = "<group>"; };
		63EB8BD51928B70300FD8DBC /* food.png */ = {isa = PBXFileReference; lastKnownFileType = image.png; path = food.png; sourceTree = "<group>"; };
		63EB8BD61928B70300FD8DBC /* exercise.png */ = {isa = PBXFileReference; lastKnownFileType = image.png; path = exercise.png; sourceTree = "<group>"; };
		63EB8BD91928B79500FD8DBC /* summary.png */ = {isa = PBXFileReference; lastKnownFileType = image.png; path = summary.png; sourceTree = "<group>"; };
		74F36EE41917E20B0068A8F6 /* iPhonePersonalDetailsViewController.h */ = {isa = PBXFileReference; fileEncoding = 4; lastKnownFileType = sourcecode.c.h; path = iPhonePersonalDetailsViewController.h; sourceTree = "<group>"; };
		74F36EE51917E20B0068A8F6 /* iPhonePersonalDetailsViewController.m */ = {isa = PBXFileReference; fileEncoding = 4; lastKnownFileType = sourcecode.c.objc; path = iPhonePersonalDetailsViewController.m; sourceTree = "<group>"; };
		74F36EF31917F85C0068A8F6 /* FoodDateListViewController.h */ = {isa = PBXFileReference; fileEncoding = 4; lastKnownFileType = sourcecode.c.h; path = FoodDateListViewController.h; sourceTree = "<group>"; };
		74F36EF41917F85C0068A8F6 /* FoodDateListViewController.m */ = {isa = PBXFileReference; fileEncoding = 4; lastKnownFileType = sourcecode.c.objc; path = FoodDateListViewController.m; sourceTree = "<group>"; };
		74F36EF61917F8890068A8F6 /* MealListViewController.h */ = {isa = PBXFileReference; fileEncoding = 4; lastKnownFileType = sourcecode.c.h; path = MealListViewController.h; sourceTree = "<group>"; };
		74F36EF71917F8890068A8F6 /* MealListViewController.m */ = {isa = PBXFileReference; fileEncoding = 4; lastKnownFileType = sourcecode.c.objc; path = MealListViewController.m; sourceTree = "<group>"; };
		74F36EF91917F8A20068A8F6 /* NewMealViewController.h */ = {isa = PBXFileReference; fileEncoding = 4; lastKnownFileType = sourcecode.c.h; path = NewMealViewController.h; sourceTree = "<group>"; };
		74F36EFA1917F8A20068A8F6 /* NewMealViewController.m */ = {isa = PBXFileReference; fileEncoding = 4; lastKnownFileType = sourcecode.c.objc; path = NewMealViewController.m; sourceTree = "<group>"; };
		74F36EFC1917F8C10068A8F6 /* FoodListViewController.h */ = {isa = PBXFileReference; fileEncoding = 4; lastKnownFileType = sourcecode.c.h; path = FoodListViewController.h; sourceTree = "<group>"; };
		74F36EFD1917F8C10068A8F6 /* FoodListViewController.m */ = {isa = PBXFileReference; fileEncoding = 4; lastKnownFileType = sourcecode.c.objc; path = FoodListViewController.m; sourceTree = "<group>"; };
		74F36EFF1917F8D70068A8F6 /* NewFoodViewController.h */ = {isa = PBXFileReference; fileEncoding = 4; lastKnownFileType = sourcecode.c.h; path = NewFoodViewController.h; sourceTree = "<group>"; };
		74F36F001917F8D70068A8F6 /* NewFoodViewController.m */ = {isa = PBXFileReference; fileEncoding = 4; lastKnownFileType = sourcecode.c.objc; path = NewFoodViewController.m; sourceTree = "<group>"; };
		74F36F051917F93F0068A8F6 /* WorkoutListViewController.h */ = {isa = PBXFileReference; fileEncoding = 4; lastKnownFileType = sourcecode.c.h; path = WorkoutListViewController.h; sourceTree = "<group>"; };
		74F36F061917F93F0068A8F6 /* WorkoutListViewController.m */ = {isa = PBXFileReference; fileEncoding = 4; lastKnownFileType = sourcecode.c.objc; path = WorkoutListViewController.m; sourceTree = "<group>"; };
		74F36F081917F95C0068A8F6 /* NewWorkoutViewController.h */ = {isa = PBXFileReference; fileEncoding = 4; lastKnownFileType = sourcecode.c.h; path = NewWorkoutViewController.h; sourceTree = "<group>"; };
		74F36F091917F95C0068A8F6 /* NewWorkoutViewController.m */ = {isa = PBXFileReference; fileEncoding = 4; lastKnownFileType = sourcecode.c.objc; path = NewWorkoutViewController.m; sourceTree = "<group>"; };
		74F36F0B1917F9820068A8F6 /* ExerciseListViewController.h */ = {isa = PBXFileReference; fileEncoding = 4; lastKnownFileType = sourcecode.c.h; path = ExerciseListViewController.h; sourceTree = "<group>"; };
		74F36F0C1917F9820068A8F6 /* ExerciseListViewController.m */ = {isa = PBXFileReference; fileEncoding = 4; lastKnownFileType = sourcecode.c.objc; path = ExerciseListViewController.m; sourceTree = "<group>"; };
		74F36F0E1917F9E30068A8F6 /* NewExerciseViewController.h */ = {isa = PBXFileReference; fileEncoding = 4; lastKnownFileType = sourcecode.c.h; path = NewExerciseViewController.h; sourceTree = "<group>"; };
		74F36F0F1917F9E30068A8F6 /* NewExerciseViewController.m */ = {isa = PBXFileReference; fileEncoding = 4; lastKnownFileType = sourcecode.c.objc; path = NewExerciseViewController.m; sourceTree = "<group>"; };
		74F36F111917FA090068A8F6 /* SummaryDateListViewController.h */ = {isa = PBXFileReference; fileEncoding = 4; lastKnownFileType = sourcecode.c.h; path = SummaryDateListViewController.h; sourceTree = "<group>"; };
		74F36F121917FA090068A8F6 /* SummaryDateListViewController.m */ = {isa = PBXFileReference; fileEncoding = 4; lastKnownFileType = sourcecode.c.objc; path = SummaryDateListViewController.m; sourceTree = "<group>"; };
		74F36F141917FA360068A8F6 /* SummaryMainViewController.h */ = {isa = PBXFileReference; fileEncoding = 4; lastKnownFileType = sourcecode.c.h; path = SummaryMainViewController.h; sourceTree = "<group>"; };
		74F36F151917FA360068A8F6 /* SummaryMainViewController.m */ = {isa = PBXFileReference; fileEncoding = 4; lastKnownFileType = sourcecode.c.objc; path = SummaryMainViewController.m; sourceTree = "<group>"; };
		74F36F171917FC430068A8F6 /* ExerciseDateListViewController.h */ = {isa = PBXFileReference; fileEncoding = 4; lastKnownFileType = sourcecode.c.h; path = ExerciseDateListViewController.h; sourceTree = "<group>"; };
		74F36F181917FC430068A8F6 /* ExerciseDateListViewController.m */ = {isa = PBXFileReference; fileEncoding = 4; lastKnownFileType = sourcecode.c.objc; path = ExerciseDateListViewController.m; sourceTree = "<group>"; };
		74F36F211917FFF60068A8F6 /* iPhoneFoodDateCell.xib */ = {isa = PBXFileReference; fileEncoding = 4; lastKnownFileType = file.xib; path = iPhoneFoodDateCell.xib; sourceTree = "<group>"; };
		74F36F231918002C0068A8F6 /* iPhoneFoodDateCell.h */ = {isa = PBXFileReference; fileEncoding = 4; lastKnownFileType = sourcecode.c.h; path = iPhoneFoodDateCell.h; sourceTree = "<group>"; };
		74F36F241918002C0068A8F6 /* iPhoneFoodDateCell.m */ = {isa = PBXFileReference; fileEncoding = 4; lastKnownFileType = sourcecode.c.objc; path = iPhoneFoodDateCell.m; sourceTree = "<group>"; };
		74F36F26191800720068A8F6 /* iPhoneMealCell.xib */ = {isa = PBXFileReference; fileEncoding = 4; lastKnownFileType = file.xib; path = iPhoneMealCell.xib; sourceTree = "<group>"; };
		74F36F28191801CE0068A8F6 /* iPhoneMealCell.h */ = {isa = PBXFileReference; fileEncoding = 4; lastKnownFileType = sourcecode.c.h; path = iPhoneMealCell.h; sourceTree = "<group>"; };
		74F36F29191801CE0068A8F6 /* iPhoneMealCell.m */ = {isa = PBXFileReference; fileEncoding = 4; lastKnownFileType = sourcecode.c.objc; path = iPhoneMealCell.m; sourceTree = "<group>"; };
		74F36F2B191802540068A8F6 /* iPhoneFoodCell.xib */ = {isa = PBXFileReference; fileEncoding = 4; lastKnownFileType = file.xib; path = iPhoneFoodCell.xib; sourceTree = "<group>"; };
		74F36F2D191803430068A8F6 /* iPhoneFoodCell.h */ = {isa = PBXFileReference; fileEncoding = 4; lastKnownFileType = sourcecode.c.h; path = iPhoneFoodCell.h; sourceTree = "<group>"; };
		74F36F2E191803430068A8F6 /* iPhoneFoodCell.m */ = {isa = PBXFileReference; fileEncoding = 4; lastKnownFileType = sourcecode.c.objc; path = iPhoneFoodCell.m; sourceTree = "<group>"; };
		74F36F351918065C0068A8F6 /* iPhoneExerciseDateCell.xib */ = {isa = PBXFileReference; fileEncoding = 4; lastKnownFileType = file.xib; path = iPhoneExerciseDateCell.xib; sourceTree = "<group>"; };
		74F36F37191807060068A8F6 /* iPhoneExerciseDateCell.h */ = {isa = PBXFileReference; fileEncoding = 4; lastKnownFileType = sourcecode.c.h; path = iPhoneExerciseDateCell.h; sourceTree = "<group>"; };
		74F36F38191807060068A8F6 /* iPhoneExerciseDateCell.m */ = {isa = PBXFileReference; fileEncoding = 4; lastKnownFileType = sourcecode.c.objc; path = iPhoneExerciseDateCell.m; sourceTree = "<group>"; };
		74F36F3A191807D70068A8F6 /* iPhoneWorkoutCell.xib */ = {isa = PBXFileReference; fileEncoding = 4; lastKnownFileType = file.xib; path = iPhoneWorkoutCell.xib; sourceTree = "<group>"; };
		74F36F3C19180A710068A8F6 /* iPhoneWorkoutCell.h */ = {isa = PBXFileReference; fileEncoding = 4; lastKnownFileType = sourcecode.c.h; path = iPhoneWorkoutCell.h; sourceTree = "<group>"; };
		74F36F3D19180A710068A8F6 /* iPhoneWorkoutCell.m */ = {isa = PBXFileReference; fileEncoding = 4; lastKnownFileType = sourcecode.c.objc; path = iPhoneWorkoutCell.m; sourceTree = "<group>"; };
		74F36F3F19180ABD0068A8F6 /* iPhoneExerciseCell.xib */ = {isa = PBXFileReference; fileEncoding = 4; lastKnownFileType = file.xib; path = iPhoneExerciseCell.xib; sourceTree = "<group>"; };
		74F36F4119180BC90068A8F6 /* iPhoneExerciseCell.h */ = {isa = PBXFileReference; fileEncoding = 4; lastKnownFileType = sourcecode.c.h; path = iPhoneExerciseCell.h; sourceTree = "<group>"; };
		74F36F4219180BC90068A8F6 /* iPhoneExerciseCell.m */ = {isa = PBXFileReference; fileEncoding = 4; lastKnownFileType = sourcecode.c.objc; path = iPhoneExerciseCell.m; sourceTree = "<group>"; };
		DC3CE29C18E34259004B629B /* Food.h */ = {isa = PBXFileReference; fileEncoding = 4; lastKnownFileType = sourcecode.c.h; path = Food.h; sourceTree = "<group>"; };
		DC3CE29D18E34259004B629B /* Food.m */ = {isa = PBXFileReference; fileEncoding = 4; lastKnownFileType = sourcecode.c.objc; path = Food.m; sourceTree = "<group>"; };
		DC3CE2A018E34287004B629B /* Meal.h */ = {isa = PBXFileReference; fileEncoding = 4; lastKnownFileType = sourcecode.c.h; path = Meal.h; sourceTree = "<group>"; };
		DC3CE2A118E34287004B629B /* Meal.m */ = {isa = PBXFileReference; fileEncoding = 4; lastKnownFileType = sourcecode.c.objc; path = Meal.m; sourceTree = "<group>"; };
		DC3CE2A818E34877004B629B /* Exercise.h */ = {isa = PBXFileReference; fileEncoding = 4; lastKnownFileType = sourcecode.c.h; path = Exercise.h; sourceTree = "<group>"; };
		DC3CE2A918E34877004B629B /* Exercise.m */ = {isa = PBXFileReference; fileEncoding = 4; lastKnownFileType = sourcecode.c.objc; path = Exercise.m; sourceTree = "<group>"; };
		DC3CE2AB18E34886004B629B /* Workout.h */ = {isa = PBXFileReference; fileEncoding = 4; lastKnownFileType = sourcecode.c.h; path = Workout.h; sourceTree = "<group>"; };
		DC3CE2AC18E34886004B629B /* Workout.m */ = {isa = PBXFileReference; fileEncoding = 4; lastKnownFileType = sourcecode.c.objc; path = Workout.m; sourceTree = "<group>"; };
/* End PBXFileReference section */

/* Begin PBXFrameworksBuildPhase section */
		632075AB18DA015E00C82FAF /* Frameworks */ = {
			isa = PBXFrameworksBuildPhase;
			buildActionMask = 2147483647;
			files = (
				630231A2190569730071BD02 /* CoreData.framework in Frameworks */,
				632075B418DA015E00C82FAF /* CoreGraphics.framework in Frameworks */,
				632075B618DA015E00C82FAF /* UIKit.framework in Frameworks */,
				632075B218DA015E00C82FAF /* Foundation.framework in Frameworks */,
			);
			runOnlyForDeploymentPostprocessing = 0;
		};
		632075D218DA015E00C82FAF /* Frameworks */ = {
			isa = PBXFrameworksBuildPhase;
			buildActionMask = 2147483647;
			files = (
				632075D718DA015E00C82FAF /* XCTest.framework in Frameworks */,
				632075D918DA015E00C82FAF /* UIKit.framework in Frameworks */,
				632075D818DA015E00C82FAF /* Foundation.framework in Frameworks */,
			);
			runOnlyForDeploymentPostprocessing = 0;
		};
/* End PBXFrameworksBuildPhase section */

/* Begin PBXGroup section */
		630231A41905699F0071BD02 /* Core Data */ = {
			isa = PBXGroup;
			children = (
				630231A5190569C00071BD02 /* CalorieController.xcdatamodeld */,
			);
			name = "Core Data";
			sourceTree = "<group>";
		};
		6302AE5F18E094AC00FEAA16 /* Personal Details */ = {
			isa = PBXGroup;
			children = (
				6302AE6318E095A300FEAA16 /* PersonalDetailsViewController.h */,
				6302AE6418E095A300FEAA16 /* PersonalDetailsViewController.m */,
			);
			name = "Personal Details";
			sourceTree = "<group>";
		};
		6302AE6018E094C200FEAA16 /* Food */ = {
			isa = PBXGroup;
			children = (
				6374D385192967D500F0DC1B /* Add / View Food */,
				633277571927C8D100EE7A62 /* Detail */,
				632A1BB0192552B600356593 /* Master */,
				6302AE6618E095D200FEAA16 /* FoodSplitViewController.h */,
				6302AE6718E095D200FEAA16 /* FoodSplitViewController.m */,
			);
			name = Food;
			sourceTree = "<group>";
		};
		6302AE6118E094DC00FEAA16 /* Exercise */ = {
			isa = PBXGroup;
			children = (
				6374D3961929C56200F0DC1B /* Add / View Exercise */,
				6332775C1927CA1700EE7A62 /* Detail */,
				6332775B1927CA1000EE7A62 /* Master */,
				6302AE6918E095F400FEAA16 /* ExerciseSplitViewController.h */,
				6302AE6A18E095F400FEAA16 /* ExerciseSplitViewController.m */,
			);
			name = Exercise;
			sourceTree = "<group>";
		};
		6302AE6218E094EE00FEAA16 /* Summary */ = {
			isa = PBXGroup;
			children = (
				63EB8BD31928B4C400FD8DBC /* Master */,
				633277611927CA4F00EE7A62 /* Detail */,
				6302AE6C18E0960F00FEAA16 /* SummarySplitViewController.h */,
				6302AE6D18E0960F00FEAA16 /* SummarySplitViewController.m */,
			);
			name = Summary;
			sourceTree = "<group>";
		};
		6302AE6F18E0996400FEAA16 /* iPad */ = {
			isa = PBXGroup;
			children = (
				632075C618DA015E00C82FAF /* Main_iPad.storyboard */,
				63BC79181917C28800589D21 /* Custom Cells */,
				632A1BBC19256FC100356593 /* PopOver */,
				6302AE5F18E094AC00FEAA16 /* Personal Details */,
				6302AE6018E094C200FEAA16 /* Food */,
				6302AE6118E094DC00FEAA16 /* Exercise */,
				6302AE6218E094EE00FEAA16 /* Summary */,
			);
			name = iPad;
			sourceTree = "<group>";
		};
		6302AE7018E0998B00FEAA16 /* iPhone */ = {
			isa = PBXGroup;
			children = (
				632075C318DA015E00C82FAF /* Main_iPhone.storyboard */,
				74F36EE01917E0E60068A8F6 /* Custom Cells */,
				74F36EDF1917E09D0068A8F6 /* Personal Details */,
				74F36EE11917E19A0068A8F6 /* Food */,
				74F36EE21917E1A70068A8F6 /* Exercise */,
				74F36EE31917E1B60068A8F6 /* Summary */,
			);
			name = iPhone;
			sourceTree = "<group>";
		};
		6302AE7118E099BE00FEAA16 /* AppDelegate */ = {
			isa = PBXGroup;
			children = (
				632075C018DA015E00C82FAF /* CalculatorAppDelegate.h */,
				632075C118DA015E00C82FAF /* CalculatorAppDelegate.m */,
			);
			name = AppDelegate;
			sourceTree = "<group>";
		};
		632075A518DA015E00C82FAF = {
			isa = PBXGroup;
			children = (
				632075B718DA015E00C82FAF /* Calorie Controller */,
				632075DC18DA015E00C82FAF /* Calorie ControllerTests */,
				632075B018DA015E00C82FAF /* Frameworks */,
				632075AF18DA015E00C82FAF /* Products */,
			);
			sourceTree = "<group>";
		};
		632075AF18DA015E00C82FAF /* Products */ = {
			isa = PBXGroup;
			children = (
				632075AE18DA015E00C82FAF /* Calorie Controller.app */,
				632075D518DA015E00C82FAF /* Calorie ControllerTests.xctest */,
			);
			name = Products;
			sourceTree = "<group>";
		};
		632075B018DA015E00C82FAF /* Frameworks */ = {
			isa = PBXGroup;
			children = (
				630231A1190569730071BD02 /* CoreData.framework */,
				632075B118DA015E00C82FAF /* Foundation.framework */,
				632075B318DA015E00C82FAF /* CoreGraphics.framework */,
				632075B518DA015E00C82FAF /* UIKit.framework */,
				632075D618DA015E00C82FAF /* XCTest.framework */,
			);
			name = Frameworks;
			sourceTree = "<group>";
		};
		632075B718DA015E00C82FAF /* Calorie Controller */ = {
			isa = PBXGroup;
			children = (
				63EB8BD41928B6DD00FD8DBC /* Tab Icons */,
				630231A41905699F0071BD02 /* Core Data */,
				DC3CE29B18E33945004B629B /* Models */,
				6302AE7118E099BE00FEAA16 /* AppDelegate */,
				6302AE7018E0998B00FEAA16 /* iPhone */,
				6302AE6F18E0996400FEAA16 /* iPad */,
				632075CF18DA015E00C82FAF /* Images.xcassets */,
				632075B818DA015E00C82FAF /* Supporting Files */,
			);
			path = "Calorie Controller";
			sourceTree = "<group>";
		};
		632075B818DA015E00C82FAF /* Supporting Files */ = {
			isa = PBXGroup;
			children = (
				632075B918DA015E00C82FAF /* Calorie Controller-Info.plist */,
				632075BA18DA015E00C82FAF /* InfoPlist.strings */,
				632075BD18DA015E00C82FAF /* main.m */,
				632075BF18DA015E00C82FAF /* Calorie Controller-Prefix.pch */,
			);
			name = "Supporting Files";
			sourceTree = "<group>";
		};
		632075DC18DA015E00C82FAF /* Calorie ControllerTests */ = {
			isa = PBXGroup;
			children = (
				632075E218DA015E00C82FAF /* Calorie_ControllerTests.m */,
				632075DD18DA015E00C82FAF /* Supporting Files */,
			);
			path = "Calorie ControllerTests";
			sourceTree = "<group>";
		};
		632075DD18DA015E00C82FAF /* Supporting Files */ = {
			isa = PBXGroup;
			children = (
				632075DE18DA015E00C82FAF /* Calorie ControllerTests-Info.plist */,
				632075DF18DA015E00C82FAF /* InfoPlist.strings */,
			);
			name = "Supporting Files";
			sourceTree = "<group>";
		};
		632A1BB0192552B600356593 /* Master */ = {
			isa = PBXGroup;
			children = (
				632A1BB1192552D100356593 /* FoodMasterController.h */,
				632A1BB2192552D100356593 /* FoodMasterController.m */,
			);
			name = Master;
			sourceTree = "<group>";
		};
		632A1BBC19256FC100356593 /* PopOver */ = {
			isa = PBXGroup;
			children = (
				6374D3901929B28000F0DC1B /* Workout */,
				6374D38A19297C6300F0DC1B /* Meal */,
				6374D38919297C5A00F0DC1B /* Date */,
			);
			name = PopOver;
			sourceTree = "<group>";
		};
		6331BFED1908435500149DFD /* Workout */ = {
			isa = PBXGroup;
			children = (
				DC3CE2AB18E34886004B629B /* Workout.h */,
				DC3CE2AC18E34886004B629B /* Workout.m */,
			);
			name = Workout;
			sourceTree = "<group>";
		};
		6331BFEE1908436800149DFD /* Meal */ = {
			isa = PBXGroup;
			children = (
				DC3CE2A018E34287004B629B /* Meal.h */,
				DC3CE2A118E34287004B629B /* Meal.m */,
			);
			name = Meal;
			sourceTree = "<group>";
		};
		633277571927C8D100EE7A62 /* Detail */ = {
			isa = PBXGroup;
			children = (
				633277581927C8F400EE7A62 /* FoodDetailController.h */,
				633277591927C8F400EE7A62 /* FoodDetailController.m */,
			);
			name = Detail;
			sourceTree = "<group>";
		};
		6332775B1927CA1000EE7A62 /* Master */ = {
			isa = PBXGroup;
			children = (
				63EB8BD01928B2F800FD8DBC /* ExerciseMasterController.h */,
				63EB8BD11928B2F800FD8DBC /* ExerciseMasterController.m */,
			);
			name = Master;
			sourceTree = "<group>";
		};
		6332775C1927CA1700EE7A62 /* Detail */ = {
			isa = PBXGroup;
			children = (
				6332775E1927CA4200EE7A62 /* ExerciseDetailController.h */,
				6332775F1927CA4200EE7A62 /* ExerciseDetailController.m */,
			);
			name = Detail;
			sourceTree = "<group>";
		};
		633277611927CA4F00EE7A62 /* Detail */ = {
			isa = PBXGroup;
			children = (
				633277621927D9FA00EE7A62 /* SummaryDetailController.h */,
				633277631927D9FA00EE7A62 /* SummaryDetailController.m */,
			);
			name = Detail;
			sourceTree = "<group>";
		};
		6374D385192967D500F0DC1B /* Add / View Food */ = {
			isa = PBXGroup;
			children = (
				6374D386192967F200F0DC1B /* AddViewFoodController.h */,
				6374D387192967F200F0DC1B /* AddViewFoodController.m */,
			);
			name = "Add / View Food";
			sourceTree = "<group>";
		};
		6374D38919297C5A00F0DC1B /* Date */ = {
			isa = PBXGroup;
			children = (
				632A1BBD19256FEA00356593 /* DatePopOverController.h */,
				632A1BBE19256FEA00356593 /* DatePopOverController.m */,
				632A1BBF19256FEA00356593 /* DatePopOverController.xib */,
			);
			name = Date;
			sourceTree = "<group>";
		};
		6374D38A19297C6300F0DC1B /* Meal */ = {
			isa = PBXGroup;
			children = (
				6374D38B19297C9600F0DC1B /* MealPopOverController.h */,
				6374D38C19297C9600F0DC1B /* MealPopOverController.m */,
				6374D38D19297C9600F0DC1B /* MealPopOverController.xib */,
			);
			name = Meal;
			sourceTree = "<group>";
		};
		6374D3901929B28000F0DC1B /* Workout */ = {
			isa = PBXGroup;
			children = (
				6374D3911929B29C00F0DC1B /* WorkoutPopOverController.h */,
				6374D3921929B29C00F0DC1B /* WorkoutPopOverController.m */,
				6374D3931929B29C00F0DC1B /* WorkoutPopOverController.xib */,
			);
			name = Workout;
			sourceTree = "<group>";
		};
		6374D3961929C56200F0DC1B /* Add / View Exercise */ = {
			isa = PBXGroup;
			children = (
				6374D3971929C57B00F0DC1B /* AddViewExerciseController.h */,
				6374D3981929C57B00F0DC1B /* AddViewExerciseController.m */,
			);
			name = "Add / View Exercise";
			sourceTree = "<group>";
		};
		63BC79181917C28800589D21 /* Custom Cells */ = {
			isa = PBXGroup;
			children = (
				63BC79191917C2BB00589D21 /* Date Cell */,
				63BC794E1919558A00589D21 /* Summary */,
				74F36F1E1917FE920068A8F6 /* Food */,
				74F36F201917FEC10068A8F6 /* Exercise */,
			);
			name = "Custom Cells";
			sourceTree = "<group>";
		};
		63BC79191917C2BB00589D21 /* Date Cell */ = {
			isa = PBXGroup;
			children = (
				63BC791A1917C2F800589D21 /* DateCell.xib */,
				63BC79251917DC9300589D21 /* DateCell.h */,
				63BC79261917DC9300589D21 /* DateCell.m */,
			);
			name = "Date Cell";
			sourceTree = "<group>";
		};
		63BC791F1917C47700589D21 /* Meal Cell */ = {
			isa = PBXGroup;
			children = (
				63BC79201917C6D600589D21 /* MealCell.xib */,
				63BC79221917DC7000589D21 /* MealCell.h */,
				63BC79231917DC7000589D21 /* MealCell.m */,
			);
			name = "Meal Cell";
			sourceTree = "<group>";
		};
		63BC79281917DDB300589D21 /* Food Cell */ = {
			isa = PBXGroup;
			children = (
				63BC79291917DE0800589D21 /* FoodCell.xib */,
				63BC792B1917DEE600589D21 /* FoodCell.h */,
				63BC792C1917DEE600589D21 /* FoodCell.m */,
			);
			name = "Food Cell";
			sourceTree = "<group>";
		};
		63BC792F19180CBC00589D21 /* Workout Cell */ = {
			isa = PBXGroup;
			children = (
				63BC793619180F3000589D21 /* WorkoutCell.xib */,
				63BC79381918108E00589D21 /* WorkoutCell.h */,
				63BC79391918108E00589D21 /* WorkoutCell.m */,
			);
			name = "Workout Cell";
			sourceTree = "<group>";
		};
		63BC793019180CC300589D21 /* Exercise Cell */ = {
			isa = PBXGroup;
			children = (
				63BC793B1918114500589D21 /* ExerciseCell.xib */,
				63BC793D1918122500589D21 /* ExerciseCell.h */,
				63BC793E1918122500589D21 /* ExerciseCell.m */,
			);
			name = "Exercise Cell";
			sourceTree = "<group>";
		};
		63BC7948191952A600589D21 /* ActivitiesRemainingCaloriesCell */ = {
			isa = PBXGroup;
			children = (
				63BC7949191952EC00589D21 /* ActivitiesRemainingCaloriesCell.xib */,
				63BC794B191953D800589D21 /* ActivitesRemainingCaloriesCell.h */,
				63BC794C191953D800589D21 /* ActivitesRemainingCaloriesCell.m */,
			);
			name = ActivitiesRemainingCaloriesCell;
			sourceTree = "<group>";
		};
		63BC794E1919558A00589D21 /* Summary */ = {
			isa = PBXGroup;
			children = (
				63BC7948191952A600589D21 /* ActivitiesRemainingCaloriesCell */,
			);
			name = Summary;
			sourceTree = "<group>";
		};
		63EB8BD31928B4C400FD8DBC /* Master */ = {
			isa = PBXGroup;
			children = (
			);
			name = Master;
			sourceTree = "<group>";
		};
		63EB8BD41928B6DD00FD8DBC /* Tab Icons */ = {
			isa = PBXGroup;
			children = (
				638FC9911928BAF600D67E6F /* personaldetail.png */,
				63EB8BD91928B79500FD8DBC /* summary.png */,
				63EB8BD51928B70300FD8DBC /* food.png */,
				63EB8BD61928B70300FD8DBC /* exercise.png */,
			);
			name = "Tab Icons";
			sourceTree = "<group>";
		};
		74F36EDF1917E09D0068A8F6 /* Personal Details */ = {
			isa = PBXGroup;
			children = (
				74F36EE41917E20B0068A8F6 /* iPhonePersonalDetailsViewController.h */,
				74F36EE51917E20B0068A8F6 /* iPhonePersonalDetailsViewController.m */,
			);
			name = "Personal Details";
			sourceTree = "<group>";
		};
		74F36EE01917E0E60068A8F6 /* Custom Cells */ = {
			isa = PBXGroup;
			children = (
				74F36F1D1917FE840068A8F6 /* Food */,
				74F36F1F1917FEB00068A8F6 /* Exercise */,
			);
			name = "Custom Cells";
			sourceTree = "<group>";
		};
		74F36EE11917E19A0068A8F6 /* Food */ = {
			isa = PBXGroup;
			children = (
				74F36EE71917F6DF0068A8F6 /* Food Date List */,
				74F36EE81917F6F70068A8F6 /* Meal List */,
				74F36EE91917F7180068A8F6 /* Food List */,
				74F36EEA1917F7450068A8F6 /* New Food */,
				74F36EEB1917F74A0068A8F6 /* New Meal */,
			);
			name = Food;
			sourceTree = "<group>";
		};
		74F36EE21917E1A70068A8F6 /* Exercise */ = {
			isa = PBXGroup;
			children = (
				74F36EEC1917F7D10068A8F6 /* Exercise Date List */,
				74F36EED1917F7D90068A8F6 /* Workout List */,
				74F36EEF1917F7F90068A8F6 /* Exercise List */,
				74F36EF01917F81C0068A8F6 /* New Exercise */,
				74F36EEE1917F7E90068A8F6 /* New Workout */,
			);
			name = Exercise;
			sourceTree = "<group>";
		};
		74F36EE31917E1B60068A8F6 /* Summary */ = {
			isa = PBXGroup;
			children = (
				74F36EF11917F8300068A8F6 /* Summary Date List */,
				74F36EF21917F8360068A8F6 /* Summary Main */,
			);
			name = Summary;
			sourceTree = "<group>";
		};
		74F36EE71917F6DF0068A8F6 /* Food Date List */ = {
			isa = PBXGroup;
			children = (
				74F36EF31917F85C0068A8F6 /* FoodDateListViewController.h */,
				74F36EF41917F85C0068A8F6 /* FoodDateListViewController.m */,
			);
			name = "Food Date List";
			sourceTree = "<group>";
		};
		74F36EE81917F6F70068A8F6 /* Meal List */ = {
			isa = PBXGroup;
			children = (
				74F36EF61917F8890068A8F6 /* MealListViewController.h */,
				74F36EF71917F8890068A8F6 /* MealListViewController.m */,
			);
			name = "Meal List";
			sourceTree = "<group>";
		};
		74F36EE91917F7180068A8F6 /* Food List */ = {
			isa = PBXGroup;
			children = (
				74F36EFC1917F8C10068A8F6 /* FoodListViewController.h */,
				74F36EFD1917F8C10068A8F6 /* FoodListViewController.m */,
			);
			name = "Food List";
			sourceTree = "<group>";
		};
		74F36EEA1917F7450068A8F6 /* New Food */ = {
			isa = PBXGroup;
			children = (
				74F36EFF1917F8D70068A8F6 /* NewFoodViewController.h */,
				74F36F001917F8D70068A8F6 /* NewFoodViewController.m */,
			);
			name = "New Food";
			sourceTree = "<group>";
		};
		74F36EEB1917F74A0068A8F6 /* New Meal */ = {
			isa = PBXGroup;
			children = (
				74F36EF91917F8A20068A8F6 /* NewMealViewController.h */,
				74F36EFA1917F8A20068A8F6 /* NewMealViewController.m */,
			);
			name = "New Meal";
			sourceTree = "<group>";
		};
		74F36EEC1917F7D10068A8F6 /* Exercise Date List */ = {
			isa = PBXGroup;
			children = (
				74F36F171917FC430068A8F6 /* ExerciseDateListViewController.h */,
				74F36F181917FC430068A8F6 /* ExerciseDateListViewController.m */,
			);
			name = "Exercise Date List";
			sourceTree = "<group>";
		};
		74F36EED1917F7D90068A8F6 /* Workout List */ = {
			isa = PBXGroup;
			children = (
				74F36F051917F93F0068A8F6 /* WorkoutListViewController.h */,
				74F36F061917F93F0068A8F6 /* WorkoutListViewController.m */,
			);
			name = "Workout List";
			sourceTree = "<group>";
		};
		74F36EEE1917F7E90068A8F6 /* New Workout */ = {
			isa = PBXGroup;
			children = (
				74F36F081917F95C0068A8F6 /* NewWorkoutViewController.h */,
				74F36F091917F95C0068A8F6 /* NewWorkoutViewController.m */,
			);
			name = "New Workout";
			sourceTree = "<group>";
		};
		74F36EEF1917F7F90068A8F6 /* Exercise List */ = {
			isa = PBXGroup;
			children = (
				74F36F0B1917F9820068A8F6 /* ExerciseListViewController.h */,
				74F36F0C1917F9820068A8F6 /* ExerciseListViewController.m */,
			);
			name = "Exercise List";
			sourceTree = "<group>";
		};
		74F36EF01917F81C0068A8F6 /* New Exercise */ = {
			isa = PBXGroup;
			children = (
				74F36F0E1917F9E30068A8F6 /* NewExerciseViewController.h */,
				74F36F0F1917F9E30068A8F6 /* NewExerciseViewController.m */,
			);
			name = "New Exercise";
			sourceTree = "<group>";
		};
		74F36EF11917F8300068A8F6 /* Summary Date List */ = {
			isa = PBXGroup;
			children = (
				74F36F111917FA090068A8F6 /* SummaryDateListViewController.h */,
				74F36F121917FA090068A8F6 /* SummaryDateListViewController.m */,
			);
			name = "Summary Date List";
			sourceTree = "<group>";
		};
		74F36EF21917F8360068A8F6 /* Summary Main */ = {
			isa = PBXGroup;
			children = (
				74F36F141917FA360068A8F6 /* SummaryMainViewController.h */,
				74F36F151917FA360068A8F6 /* SummaryMainViewController.m */,
			);
			name = "Summary Main";
			sourceTree = "<group>";
		};
		74F36F1A1917FE340068A8F6 /* Food Date Cell */ = {
			isa = PBXGroup;
			children = (
				74F36F211917FFF60068A8F6 /* iPhoneFoodDateCell.xib */,
				74F36F231918002C0068A8F6 /* iPhoneFoodDateCell.h */,
				74F36F241918002C0068A8F6 /* iPhoneFoodDateCell.m */,
			);
			name = "Food Date Cell";
			sourceTree = "<group>";
		};
		74F36F1B1917FE3D0068A8F6 /* Meal Cell */ = {
			isa = PBXGroup;
			children = (
				74F36F26191800720068A8F6 /* iPhoneMealCell.xib */,
				74F36F28191801CE0068A8F6 /* iPhoneMealCell.h */,
				74F36F29191801CE0068A8F6 /* iPhoneMealCell.m */,
			);
			name = "Meal Cell";
			sourceTree = "<group>";
		};
		74F36F1C1917FE620068A8F6 /* Food Cell */ = {
			isa = PBXGroup;
			children = (
				74F36F2B191802540068A8F6 /* iPhoneFoodCell.xib */,
				74F36F2D191803430068A8F6 /* iPhoneFoodCell.h */,
				74F36F2E191803430068A8F6 /* iPhoneFoodCell.m */,
			);
			name = "Food Cell";
			sourceTree = "<group>";
		};
		74F36F1D1917FE840068A8F6 /* Food */ = {
			isa = PBXGroup;
			children = (
				74F36F1A1917FE340068A8F6 /* Food Date Cell */,
				74F36F1B1917FE3D0068A8F6 /* Meal Cell */,
				74F36F1C1917FE620068A8F6 /* Food Cell */,
			);
			name = Food;
			sourceTree = "<group>";
		};
		74F36F1E1917FE920068A8F6 /* Food */ = {
			isa = PBXGroup;
			children = (
				63BC791F1917C47700589D21 /* Meal Cell */,
				63BC79281917DDB300589D21 /* Food Cell */,
			);
			name = Food;
			sourceTree = "<group>";
		};
		74F36F1F1917FEB00068A8F6 /* Exercise */ = {
			isa = PBXGroup;
			children = (
				74F36F30191805AE0068A8F6 /* Exercise Date Cell */,
				74F36F31191805BA0068A8F6 /* Workout Cell */,
				74F36F32191805C20068A8F6 /* Exercise Cell */,
			);
			name = Exercise;
			sourceTree = "<group>";
		};
		74F36F201917FEC10068A8F6 /* Exercise */ = {
			isa = PBXGroup;
			children = (
				63BC792F19180CBC00589D21 /* Workout Cell */,
				63BC793019180CC300589D21 /* Exercise Cell */,
			);
			name = Exercise;
			sourceTree = "<group>";
		};
		74F36F30191805AE0068A8F6 /* Exercise Date Cell */ = {
			isa = PBXGroup;
			children = (
				74F36F351918065C0068A8F6 /* iPhoneExerciseDateCell.xib */,
				74F36F37191807060068A8F6 /* iPhoneExerciseDateCell.h */,
				74F36F38191807060068A8F6 /* iPhoneExerciseDateCell.m */,
			);
			name = "Exercise Date Cell";
			sourceTree = "<group>";
		};
		74F36F31191805BA0068A8F6 /* Workout Cell */ = {
			isa = PBXGroup;
			children = (
				74F36F3A191807D70068A8F6 /* iPhoneWorkoutCell.xib */,
				74F36F3C19180A710068A8F6 /* iPhoneWorkoutCell.h */,
				74F36F3D19180A710068A8F6 /* iPhoneWorkoutCell.m */,
			);
			name = "Workout Cell";
			sourceTree = "<group>";
		};
		74F36F32191805C20068A8F6 /* Exercise Cell */ = {
			isa = PBXGroup;
			children = (
				74F36F3F19180ABD0068A8F6 /* iPhoneExerciseCell.xib */,
				74F36F4119180BC90068A8F6 /* iPhoneExerciseCell.h */,
				74F36F4219180BC90068A8F6 /* iPhoneExerciseCell.m */,
			);
			name = "Exercise Cell";
			sourceTree = "<group>";
		};
		DC3CE29B18E33945004B629B /* Models */ = {
			isa = PBXGroup;
			children = (
				DC3CE2A318E34821004B629B /* User */,
				DC3CE29F18E34267004B629B /* Food */,
				6331BFEE1908436800149DFD /* Meal */,
				DC3CE2A418E3482A004B629B /* Exercise */,
				6331BFED1908435500149DFD /* Workout */,
			);
			name = Models;
			sourceTree = "<group>";
		};
		DC3CE29F18E34267004B629B /* Food */ = {
			isa = PBXGroup;
			children = (
				DC3CE29C18E34259004B629B /* Food.h */,
				DC3CE29D18E34259004B629B /* Food.m */,
			);
			name = Food;
			sourceTree = "<group>";
		};
		DC3CE2A318E34821004B629B /* User */ = {
			isa = PBXGroup;
			children = (
				6331BFEF1908443E00149DFD /* User.h */,
				6331BFF01908443E00149DFD /* User.m */,
			);
			name = User;
			sourceTree = "<group>";
		};
		DC3CE2A418E3482A004B629B /* Exercise */ = {
			isa = PBXGroup;
			children = (
				DC3CE2A818E34877004B629B /* Exercise.h */,
				DC3CE2A918E34877004B629B /* Exercise.m */,
			);
			name = Exercise;
			sourceTree = "<group>";
		};
/* End PBXGroup section */

/* Begin PBXNativeTarget section */
		632075AD18DA015E00C82FAF /* Calorie Controller */ = {
			isa = PBXNativeTarget;
			buildConfigurationList = 632075E618DA015E00C82FAF /* Build configuration list for PBXNativeTarget "Calorie Controller" */;
			buildPhases = (
				632075AA18DA015E00C82FAF /* Sources */,
				632075AB18DA015E00C82FAF /* Frameworks */,
				632075AC18DA015E00C82FAF /* Resources */,
			);
			buildRules = (
			);
			dependencies = (
			);
			name = "Calorie Controller";
			productName = "Calorie Controller";
			productReference = 632075AE18DA015E00C82FAF /* Calorie Controller.app */;
			productType = "com.apple.product-type.application";
		};
		632075D418DA015E00C82FAF /* Calorie ControllerTests */ = {
			isa = PBXNativeTarget;
			buildConfigurationList = 632075E918DA015E00C82FAF /* Build configuration list for PBXNativeTarget "Calorie ControllerTests" */;
			buildPhases = (
				632075D118DA015E00C82FAF /* Sources */,
				632075D218DA015E00C82FAF /* Frameworks */,
				632075D318DA015E00C82FAF /* Resources */,
			);
			buildRules = (
			);
			dependencies = (
				632075DB18DA015E00C82FAF /* PBXTargetDependency */,
			);
			name = "Calorie ControllerTests";
			productName = "Calorie ControllerTests";
			productReference = 632075D518DA015E00C82FAF /* Calorie ControllerTests.xctest */;
			productType = "com.apple.product-type.bundle.unit-test";
		};
/* End PBXNativeTarget section */

/* Begin PBXProject section */
		632075A618DA015E00C82FAF /* Project object */ = {
			isa = PBXProject;
			attributes = {
				CLASSPREFIX = Calculator;
				LastUpgradeCheck = 0510;
				ORGANIZATIONNAME = "Annam Siddique";
				TargetAttributes = {
					632075D418DA015E00C82FAF = {
						TestTargetID = 632075AD18DA015E00C82FAF;
					};
				};
			};
			buildConfigurationList = 632075A918DA015E00C82FAF /* Build configuration list for PBXProject "Calorie Controller" */;
			compatibilityVersion = "Xcode 3.2";
			developmentRegion = English;
			hasScannedForEncodings = 0;
			knownRegions = (
				en,
				Base,
			);
			mainGroup = 632075A518DA015E00C82FAF;
			productRefGroup = 632075AF18DA015E00C82FAF /* Products */;
			projectDirPath = "";
			projectRoot = "";
			targets = (
				632075AD18DA015E00C82FAF /* Calorie Controller */,
				632075D418DA015E00C82FAF /* Calorie ControllerTests */,
			);
		};
/* End PBXProject section */

/* Begin PBXResourcesBuildPhase section */
		632075AC18DA015E00C82FAF /* Resources */ = {
			isa = PBXResourcesBuildPhase;
			buildActionMask = 2147483647;
			files = (
				74F36F221917FFF60068A8F6 /* iPhoneFoodDateCell.xib in Resources */,
				63EB8BD71928B70300FD8DBC /* food.png in Resources */,
				63BC79211917C6D600589D21 /* MealCell.xib in Resources */,
				74F36F361918065C0068A8F6 /* iPhoneExerciseDateCell.xib in Resources */,
				632075C818DA015E00C82FAF /* Main_iPad.storyboard in Resources */,
				632075D018DA015E00C82FAF /* Images.xcassets in Resources */,
				74F36F4019180ABD0068A8F6 /* iPhoneExerciseCell.xib in Resources */,
				6374D3951929B29C00F0DC1B /* WorkoutPopOverController.xib in Resources */,
				74F36F2C191802540068A8F6 /* iPhoneFoodCell.xib in Resources */,
				63BC793719180F3000589D21 /* WorkoutCell.xib in Resources */,
				63BC793C1918114500589D21 /* ExerciseCell.xib in Resources */,
				632075C518DA015E00C82FAF /* Main_iPhone.storyboard in Resources */,
				63EB8BD81928B70300FD8DBC /* exercise.png in Resources */,
				63EB8BDA1928B79500FD8DBC /* summary.png in Resources */,
				638FC9921928BAF600D67E6F /* personaldetail.png in Resources */,
				63BC794A191952EC00589D21 /* ActivitiesRemainingCaloriesCell.xib in Resources */,
				74F36F27191800720068A8F6 /* iPhoneMealCell.xib in Resources */,
				74F36F3B191807D70068A8F6 /* iPhoneWorkoutCell.xib in Resources */,
				632075BC18DA015E00C82FAF /* InfoPlist.strings in Resources */,
				6374D38F19297C9600F0DC1B /* MealPopOverController.xib in Resources */,
				632A1BC119256FEA00356593 /* DatePopOverController.xib in Resources */,
				63BC792A1917DE0800589D21 /* FoodCell.xib in Resources */,
				63BC791B1917C2F800589D21 /* DateCell.xib in Resources */,
			);
			runOnlyForDeploymentPostprocessing = 0;
		};
		632075D318DA015E00C82FAF /* Resources */ = {
			isa = PBXResourcesBuildPhase;
			buildActionMask = 2147483647;
			files = (
				632075E118DA015E00C82FAF /* InfoPlist.strings in Resources */,
			);
			runOnlyForDeploymentPostprocessing = 0;
		};
/* End PBXResourcesBuildPhase section */

/* Begin PBXSourcesBuildPhase section */
		632075AA18DA015E00C82FAF /* Sources */ = {
			isa = PBXSourcesBuildPhase;
			buildActionMask = 2147483647;
			files = (
				74F36F191917FC430068A8F6 /* ExerciseDateListViewController.m in Sources */,
				6374D3941929B29C00F0DC1B /* WorkoutPopOverController.m in Sources */,
				74F36F161917FA360068A8F6 /* SummaryMainViewController.m in Sources */,
				6302AE6518E095A300FEAA16 /* PersonalDetailsViewController.m in Sources */,
				74F36F0A1917F95C0068A8F6 /* NewWorkoutViewController.m in Sources */,
				74F36F3E19180A710068A8F6 /* iPhoneWorkoutCell.m in Sources */,
				63BC79271917DC9300589D21 /* DateCell.m in Sources */,
				74F36EFE1917F8C10068A8F6 /* FoodListViewController.m in Sources */,
				DC3CE2AA18E34877004B629B /* Exercise.m in Sources */,
				6374D3991929C57B00F0DC1B /* AddViewExerciseController.m in Sources */,
				74F36EF51917F85C0068A8F6 /* FoodDateListViewController.m in Sources */,
				74F36F251918002C0068A8F6 /* iPhoneFoodDateCell.m in Sources */,
				6332775A1927C8F400EE7A62 /* FoodDetailController.m in Sources */,
				74F36EFB1917F8A20068A8F6 /* NewMealViewController.m in Sources */,
				633277601927CA4200EE7A62 /* ExerciseDetailController.m in Sources */,
				6374D38E19297C9600F0DC1B /* MealPopOverController.m in Sources */,
				633277641927D9FA00EE7A62 /* SummaryDetailController.m in Sources */,
				630231A7190569C00071BD02 /* CalorieController.xcdatamodeld in Sources */,
				632075C218DA015E00C82FAF /* CalculatorAppDelegate.m in Sources */,
				DC3CE2A218E34287004B629B /* Meal.m in Sources */,
				DC3CE2AD18E34886004B629B /* Workout.m in Sources */,
				63BC792D1917DEE600589D21 /* FoodCell.m in Sources */,
				74F36EF81917F8890068A8F6 /* MealListViewController.m in Sources */,
				74F36F39191807060068A8F6 /* iPhoneExerciseDateCell.m in Sources */,
				74F36F0D1917F9820068A8F6 /* ExerciseListViewController.m in Sources */,
				74F36F011917F8D70068A8F6 /* NewFoodViewController.m in Sources */,
				6302AE6E18E0960F00FEAA16 /* SummarySplitViewController.m in Sources */,
				63BC79241917DC7000589D21 /* MealCell.m in Sources */,
				DC3CE29E18E34259004B629B /* Food.m in Sources */,
				6374D388192967F200F0DC1B /* AddViewFoodController.m in Sources */,
				74F36F2F191803430068A8F6 /* iPhoneFoodCell.m in Sources */,
				74F36F4319180BC90068A8F6 /* iPhoneExerciseCell.m in Sources */,
				632A1BB3192552D100356593 /* FoodMasterController.m in Sources */,
				74F36F101917F9E30068A8F6 /* NewExerciseViewController.m in Sources */,
				6331BFF11908443E00149DFD /* User.m in Sources */,
				63BC793F1918122500589D21 /* ExerciseCell.m in Sources */,
				74F36F131917FA090068A8F6 /* SummaryDateListViewController.m in Sources */,
				74F36EE61917E20B0068A8F6 /* iPhonePersonalDetailsViewController.m in Sources */,
				74F36F2A191801CE0068A8F6 /* iPhoneMealCell.m in Sources */,
				632A1BC019256FEA00356593 /* DatePopOverController.m in Sources */,
				63BC794D191953D800589D21 /* ActivitesRemainingCaloriesCell.m in Sources */,
				632075BE18DA015E00C82FAF /* main.m in Sources */,
				74F36F071917F93F0068A8F6 /* WorkoutListViewController.m in Sources */,
				6302AE6818E095D200FEAA16 /* FoodSplitViewController.m in Sources */,
				63EB8BD21928B2F800FD8DBC /* ExerciseMasterController.m in Sources */,
				6302AE6B18E095F400FEAA16 /* ExerciseSplitViewController.m in Sources */,
				63BC793A1918108E00589D21 /* WorkoutCell.m in Sources */,
			);
			runOnlyForDeploymentPostprocessing = 0;
		};
		632075D118DA015E00C82FAF /* Sources */ = {
			isa = PBXSourcesBuildPhase;
			buildActionMask = 2147483647;
			files = (
				632075E318DA015E00C82FAF /* Calorie_ControllerTests.m in Sources */,
			);
			runOnlyForDeploymentPostprocessing = 0;
		};
/* End PBXSourcesBuildPhase section */

/* Begin PBXTargetDependency section */
		632075DB18DA015E00C82FAF /* PBXTargetDependency */ = {
			isa = PBXTargetDependency;
			target = 632075AD18DA015E00C82FAF /* Calorie Controller */;
			targetProxy = 632075DA18DA015E00C82FAF /* PBXContainerItemProxy */;
		};
/* End PBXTargetDependency section */

/* Begin PBXVariantGroup section */
		632075BA18DA015E00C82FAF /* InfoPlist.strings */ = {
			isa = PBXVariantGroup;
			children = (
				632075BB18DA015E00C82FAF /* en */,
			);
			name = InfoPlist.strings;
			sourceTree = "<group>";
		};
		632075C318DA015E00C82FAF /* Main_iPhone.storyboard */ = {
			isa = PBXVariantGroup;
			children = (
				632075C418DA015E00C82FAF /* Base */,
			);
			name = Main_iPhone.storyboard;
			sourceTree = "<group>";
		};
		632075C618DA015E00C82FAF /* Main_iPad.storyboard */ = {
			isa = PBXVariantGroup;
			children = (
				632075C718DA015E00C82FAF /* Base */,
			);
			name = Main_iPad.storyboard;
			sourceTree = "<group>";
		};
		632075DF18DA015E00C82FAF /* InfoPlist.strings */ = {
			isa = PBXVariantGroup;
			children = (
				632075E018DA015E00C82FAF /* en */,
			);
			name = InfoPlist.strings;
			sourceTree = "<group>";
		};
/* End PBXVariantGroup section */

/* Begin XCBuildConfiguration section */
		632075E418DA015E00C82FAF /* Debug */ = {
			isa = XCBuildConfiguration;
			buildSettings = {
				ALWAYS_SEARCH_USER_PATHS = NO;
				CLANG_CXX_LANGUAGE_STANDARD = "gnu++0x";
				CLANG_CXX_LIBRARY = "libc++";
				CLANG_ENABLE_MODULES = YES;
				CLANG_ENABLE_OBJC_ARC = YES;
				CLANG_WARN_BOOL_CONVERSION = YES;
				CLANG_WARN_CONSTANT_CONVERSION = YES;
				CLANG_WARN_DIRECT_OBJC_ISA_USAGE = YES_ERROR;
				CLANG_WARN_EMPTY_BODY = YES;
				CLANG_WARN_ENUM_CONVERSION = YES;
				CLANG_WARN_INT_CONVERSION = YES;
				CLANG_WARN_OBJC_ROOT_CLASS = YES_ERROR;
				CLANG_WARN__DUPLICATE_METHOD_MATCH = YES;
				"CODE_SIGN_IDENTITY[sdk=iphoneos*]" = "iPhone Developer";
				COPY_PHASE_STRIP = NO;
				GCC_C_LANGUAGE_STANDARD = gnu99;
				GCC_DYNAMIC_NO_PIC = NO;
				GCC_OPTIMIZATION_LEVEL = 0;
				GCC_PREPROCESSOR_DEFINITIONS = (
					"DEBUG=1",
					"$(inherited)",
				);
				GCC_SYMBOLS_PRIVATE_EXTERN = NO;
				GCC_WARN_64_TO_32_BIT_CONVERSION = YES;
				GCC_WARN_ABOUT_RETURN_TYPE = YES_ERROR;
				GCC_WARN_UNDECLARED_SELECTOR = YES;
				GCC_WARN_UNINITIALIZED_AUTOS = YES_AGGRESSIVE;
				GCC_WARN_UNUSED_FUNCTION = YES;
				GCC_WARN_UNUSED_VARIABLE = YES;
				IPHONEOS_DEPLOYMENT_TARGET = 7.1;
				ONLY_ACTIVE_ARCH = YES;
				SDKROOT = iphoneos;
				TARGETED_DEVICE_FAMILY = "1,2";
			};
			name = Debug;
		};
		632075E518DA015E00C82FAF /* Release */ = {
			isa = XCBuildConfiguration;
			buildSettings = {
				ALWAYS_SEARCH_USER_PATHS = NO;
				CLANG_CXX_LANGUAGE_STANDARD = "gnu++0x";
				CLANG_CXX_LIBRARY = "libc++";
				CLANG_ENABLE_MODULES = YES;
				CLANG_ENABLE_OBJC_ARC = YES;
				CLANG_WARN_BOOL_CONVERSION = YES;
				CLANG_WARN_CONSTANT_CONVERSION = YES;
				CLANG_WARN_DIRECT_OBJC_ISA_USAGE = YES_ERROR;
				CLANG_WARN_EMPTY_BODY = YES;
				CLANG_WARN_ENUM_CONVERSION = YES;
				CLANG_WARN_INT_CONVERSION = YES;
				CLANG_WARN_OBJC_ROOT_CLASS = YES_ERROR;
				CLANG_WARN__DUPLICATE_METHOD_MATCH = YES;
				"CODE_SIGN_IDENTITY[sdk=iphoneos*]" = "iPhone Developer";
				COPY_PHASE_STRIP = YES;
				ENABLE_NS_ASSERTIONS = NO;
				GCC_C_LANGUAGE_STANDARD = gnu99;
				GCC_WARN_64_TO_32_BIT_CONVERSION = YES;
				GCC_WARN_ABOUT_RETURN_TYPE = YES_ERROR;
				GCC_WARN_UNDECLARED_SELECTOR = YES;
				GCC_WARN_UNINITIALIZED_AUTOS = YES_AGGRESSIVE;
				GCC_WARN_UNUSED_FUNCTION = YES;
				GCC_WARN_UNUSED_VARIABLE = YES;
				IPHONEOS_DEPLOYMENT_TARGET = 7.1;
				SDKROOT = iphoneos;
				TARGETED_DEVICE_FAMILY = "1,2";
				VALIDATE_PRODUCT = YES;
			};
			name = Release;
		};
		632075E718DA015E00C82FAF /* Debug */ = {
			isa = XCBuildConfiguration;
			buildSettings = {
				ASSETCATALOG_COMPILER_APPICON_NAME = AppIcon;
				ASSETCATALOG_COMPILER_LAUNCHIMAGE_NAME = LaunchImage;
				GCC_PRECOMPILE_PREFIX_HEADER = YES;
				GCC_PREFIX_HEADER = "Calorie Controller/Calorie Controller-Prefix.pch";
				INFOPLIST_FILE = "Calorie Controller/Calorie Controller-Info.plist";
				IPHONEOS_DEPLOYMENT_TARGET = 6.0;
				PRODUCT_NAME = "$(TARGET_NAME)";
				TARGETED_DEVICE_FAMILY = "1,2";
				WRAPPER_EXTENSION = app;
			};
			name = Debug;
		};
		632075E818DA015E00C82FAF /* Release */ = {
			isa = XCBuildConfiguration;
			buildSettings = {
				ASSETCATALOG_COMPILER_APPICON_NAME = AppIcon;
				ASSETCATALOG_COMPILER_LAUNCHIMAGE_NAME = LaunchImage;
				GCC_PRECOMPILE_PREFIX_HEADER = YES;
				GCC_PREFIX_HEADER = "Calorie Controller/Calorie Controller-Prefix.pch";
				INFOPLIST_FILE = "Calorie Controller/Calorie Controller-Info.plist";
				IPHONEOS_DEPLOYMENT_TARGET = 6.0;
				PRODUCT_NAME = "$(TARGET_NAME)";
				TARGETED_DEVICE_FAMILY = "1,2";
				WRAPPER_EXTENSION = app;
			};
			name = Release;
		};
		632075EA18DA015E00C82FAF /* Debug */ = {
			isa = XCBuildConfiguration;
			buildSettings = {
				BUNDLE_LOADER = "$(BUILT_PRODUCTS_DIR)/Calorie Controller.app/Calorie Controller";
				FRAMEWORK_SEARCH_PATHS = (
					"$(SDKROOT)/Developer/Library/Frameworks",
					"$(inherited)",
					"$(DEVELOPER_FRAMEWORKS_DIR)",
				);
				GCC_PRECOMPILE_PREFIX_HEADER = YES;
				GCC_PREFIX_HEADER = "Calorie Controller/Calorie Controller-Prefix.pch";
				GCC_PREPROCESSOR_DEFINITIONS = (
					"DEBUG=1",
					"$(inherited)",
				);
				INFOPLIST_FILE = "Calorie ControllerTests/Calorie ControllerTests-Info.plist";
				PRODUCT_NAME = "$(TARGET_NAME)";
				TEST_HOST = "$(BUNDLE_LOADER)";
				WRAPPER_EXTENSION = xctest;
			};
			name = Debug;
		};
		632075EB18DA015E00C82FAF /* Release */ = {
			isa = XCBuildConfiguration;
			buildSettings = {
				BUNDLE_LOADER = "$(BUILT_PRODUCTS_DIR)/Calorie Controller.app/Calorie Controller";
				FRAMEWORK_SEARCH_PATHS = (
					"$(SDKROOT)/Developer/Library/Frameworks",
					"$(inherited)",
					"$(DEVELOPER_FRAMEWORKS_DIR)",
				);
				GCC_PRECOMPILE_PREFIX_HEADER = YES;
				GCC_PREFIX_HEADER = "Calorie Controller/Calorie Controller-Prefix.pch";
				INFOPLIST_FILE = "Calorie ControllerTests/Calorie ControllerTests-Info.plist";
				PRODUCT_NAME = "$(TARGET_NAME)";
				TEST_HOST = "$(BUNDLE_LOADER)";
				WRAPPER_EXTENSION = xctest;
			};
			name = Release;
		};
/* End XCBuildConfiguration section */

/* Begin XCConfigurationList section */
		632075A918DA015E00C82FAF /* Build configuration list for PBXProject "Calorie Controller" */ = {
			isa = XCConfigurationList;
			buildConfigurations = (
				632075E418DA015E00C82FAF /* Debug */,
				632075E518DA015E00C82FAF /* Release */,
			);
			defaultConfigurationIsVisible = 0;
			defaultConfigurationName = Release;
		};
		632075E618DA015E00C82FAF /* Build configuration list for PBXNativeTarget "Calorie Controller" */ = {
			isa = XCConfigurationList;
			buildConfigurations = (
				632075E718DA015E00C82FAF /* Debug */,
				632075E818DA015E00C82FAF /* Release */,
			);
			defaultConfigurationIsVisible = 0;
			defaultConfigurationName = Release;
		};
		632075E918DA015E00C82FAF /* Build configuration list for PBXNativeTarget "Calorie ControllerTests" */ = {
			isa = XCConfigurationList;
			buildConfigurations = (
				632075EA18DA015E00C82FAF /* Debug */,
				632075EB18DA015E00C82FAF /* Release */,
			);
			defaultConfigurationIsVisible = 0;
			defaultConfigurationName = Release;
		};
/* End XCConfigurationList section */

/* Begin XCVersionGroup section */
		630231A5190569C00071BD02 /* CalorieController.xcdatamodeld */ = {
			isa = XCVersionGroup;
			children = (
				630231A6190569C00071BD02 /* CalorieController.xcdatamodel */,
			);
			currentVersion = 630231A6190569C00071BD02 /* CalorieController.xcdatamodel */;
			path = CalorieController.xcdatamodeld;
			sourceTree = "<group>";
			versionGroupType = wrapper.xcdatamodel;
		};
/* End XCVersionGroup section */
	};
	rootObject = 632075A618DA015E00C82FAF /* Project object */;
}
